# THIS IS AN AUTOGENERATED FILE. DO NOT EDIT THIS FILE DIRECTLY.
# yarn lockfile v1


de-indent@^1.0.2:
  version "1.0.2"
  resolved "https://registry.yarnpkg.com/de-indent/-/de-indent-1.0.2.tgz#b2038e846dc33baa5796128d0804b455b8c1e21d"

he@^1.1.0:
  version "1.1.1"
  resolved "https://registry.yarnpkg.com/he/-/he-1.1.1.tgz#93410fd21b009735151f8868c2f271f3427e23fd"

vue-template-compiler@2.4.2:
  version "2.4.2"
  resolved "https://registry.yarnpkg.com/vue-template-compiler/-/vue-template-compiler-2.4.2.tgz#5a45d843f148b098f6c1d1e35ac20c4956d30ad1"
  dependencies:
    de-indent "^1.0.2"
    he "^1.1.0"
